{
  "version": 4,
  "terraform_version": "1.0.4",
  "serial": 6,
  "lineage": "f6ee2ec6-2861-1c8c-9434-cf0b27605ae1",
  "outputs": {
    "ovpn_public_ip": {
      "value": "139.59.123.58",
      "type": "string"
    },
    "ovpn_server_id": {
      "value": "258910883",
      "type": "string"
    }
  },
  "resources": [
    {
      "mode": "managed",
      "type": "digitalocean_droplet",
      "name": "azp_agent",
      "provider": "provider[\"registry.terraform.io/digitalocean/digitalocean\"]",
      "instances": [
        {
          "schema_version": 1,
          "attributes": {
            "backups": false,
            "created_at": "2021-08-09T22:21:15Z",
            "disk": 25,
            "droplet_agent": null,
            "id": "258910883",
            "image": "centos-7-x64",
            "ipv4_address": "139.59.123.58",
            "ipv4_address_private": "10.104.0.2",
            "ipv6": false,
            "ipv6_address": "",
            "locked": false,
            "memory": 1024,
            "monitoring": false,
            "name": "openvpn",
            "price_hourly": 0.00744,
            "price_monthly": 5,
            "private_networking": true,
            "region": "sgp1",
            "resize_disk": true,
            "size": "s-1vcpu-1gb",
            "ssh_keys": [
              "58:01:03:c4:c2:4d:93:6e:74:f1:b4:d7:de:b8:9c:63"
            ],
            "status": "active",
            "tags": [],
            "urn": "do:droplet:258910883",
            "user_data": null,
            "vcpus": 1,
            "volume_ids": [],
            "vpc_uuid": "deac3e8f-1da7-41dc-bf4d-a8c5e9d951e1"
          },
          "sensitive_attributes": [],
          "private": "eyJzY2hlbWFfdmVyc2lvbiI6IjEifQ==",
          "dependencies": [
            "digitalocean_ssh_key.azp_public_key"
          ]
        }
      ]
    },
    {
      "mode": "managed",
      "type": "digitalocean_firewall",
      "name": "azp_agent",
      "provider": "provider[\"registry.terraform.io/digitalocean/digitalocean\"]",
      "instances": [
        {
          "schema_version": 0,
          "attributes": {
            "created_at": "2021-08-09T22:21:52Z",
            "droplet_ids": [
              258910883
            ],
            "id": "30385fa6-173d-4694-a621-470b25099f70",
            "inbound_rule": [
              {
                "port_range": "22",
                "protocol": "tcp",
                "source_addresses": [
                  "0.0.0.0/0",
                  "::/0"
                ],
                "source_droplet_ids": [],
                "source_load_balancer_uids": [],
                "source_tags": []
              },
              {
                "port_range": "443",
                "protocol": "tcp",
                "source_addresses": [
                  "0.0.0.0/0",
                  "::/0"
                ],
                "source_droplet_ids": [],
                "source_load_balancer_uids": [],
                "source_tags": []
              }
            ],
            "name": "only-22-and-443",
            "outbound_rule": [
              {
                "destination_addresses": [
                  "0.0.0.0/0",
                  "::/0"
                ],
                "destination_droplet_ids": [],
                "destination_load_balancer_uids": [],
                "destination_tags": [],
                "port_range": "1-65535",
                "protocol": "tcp"
              },
              {
                "destination_addresses": [
                  "0.0.0.0/0",
                  "::/0"
                ],
                "destination_droplet_ids": [],
                "destination_load_balancer_uids": [],
                "destination_tags": [],
                "port_range": "1-65535",
                "protocol": "udp"
              },
              {
                "destination_addresses": [],
                "destination_droplet_ids": [],
                "destination_load_balancer_uids": [],
                "destination_tags": [],
                "port_range": "",
                "protocol": "icmp"
              }
            ],
            "pending_changes": [],
            "status": "succeeded",
            "tags": []
          },
          "sensitive_attributes": [],
          "private": "bnVsbA==",
          "dependencies": [
            "digitalocean_droplet.azp_agent"
          ]
        }
      ]
    },
    {
      "mode": "managed",
      "type": "digitalocean_ssh_key",
      "name": "azp_public_key",
      "provider": "provider[\"registry.terraform.io/digitalocean/digitalocean\"]",
      "instances": [
        {
          "schema_version": 0,
          "attributes": {
            "fingerprint": "58:01:03:c4:c2:4d:93:6e:74:f1:b4:d7:de:b8:9c:63",
            "id": "30995801",
            "name": "azp_public_key",
            "public_key": "ssh-rsa AAAAB3NzaC1yc2EAAAADAQABAAABAQCR1HsSRi1OqzHEEo0XggoD2+nSDbBC0U5SN48LlDHJXd2nH6GLACjs32nmoGfTeua07TVB3tpQzoOlnDzcj8BVNqLk74e99YjDyAQDuQglFCoPYX3fQTad0Za7xKYh+sfEIJDngJ4g/tCOXxcUBMKdNEzns2MvOn6cOCZT/2kTw17RiN26cEl6S2sIpvmYBkxcj7kzDUyZbCeuamM88Wocyg3qhqbdEgUbZmCTMdpqdOnRCpppuTrhnMixxbbbdpwUfzLrwSvZzKZvYSzpVOsvg0QZCLEem5yVOVsBiLW6fSL5Lh0g1OVd97Q1YPvoQKrPsTC8j/mCin8YUyolOZpn"
          },
          "sensitive_attributes": [],
          "private": "bnVsbA=="
        }
      ]
    }
  ]
}
